{
  "version": 4,
  "terraform_version": "1.12.5",
  "serial": 5,
  "lineage": "9fd8fad4-b45d-063b-8e72-3aeb700d37f6",
  "outputs": {
    "gitlab_infra_role_arn": {
      "value": "arn:aws:iam::490004630616:role/aws_eks_infra_github_infra_role",
      "type": "string"
    },
    "remote_state_bucket_arn": {
      "value": "arn:aws:s3:::github-aws-eks-tofu-state",
      "type": "string"
    }
  },
  "resources": [
    {
      "mode": "managed",
      "type": "aws_iam_openid_connect_provider",
      "name": "github",
      "provider": "provider[\"registry.opentofu.org/hashicorp/aws\"]",
      "instances": [
        {
          "schema_version": 0,
          "attributes": {
            "arn": "arn:aws:iam::490004630616:oidc-provider/token.actions.githubusercontent.com",
            "client_id_list": [
              "sts.amazonaws.com"
            ],
            "id": "arn:aws:iam::490004630616:oidc-provider/token.actions.githubusercontent.com",
            "tags": {},
            "tags_all": {
              "ManagedVia": "Mannual",
              "Owner": "Anurag Bhatt",
              "Project": "AWS-EKS"
            },
            "thumbprint_list": [
              "ab9d0263244dd0326eb67015705a667e79cfe998"
            ],
            "url": "token.actions.githubusercontent.com"
          },
          "sensitive_attributes": [],
          "private": "bnVsbA==",
          "identity": {
            "arn": "arn:aws:iam::490004630616:oidc-provider/token.actions.githubusercontent.com"
          },
          "identity_schema_version": 0
        }
      ]
    },
    {
      "mode": "managed",
      "type": "aws_iam_role",
      "name": "github_infra_role",
      "provider": "provider[\"registry.opentofu.org/hashicorp/aws\"]",
      "instances": [
        {
          "schema_version": 0,
          "attributes": {
            "arn": "arn:aws:iam::490004630616:role/aws_eks_infra_github_infra_role",
            "assume_role_policy": "{\"Statement\":{\"Action\":\"sts:AssumeRoleWithWebIdentity\",\"Condition\":{\"StringEquals\":{\"token.actions.githubusercontent.com:aud\":[\"sts.amazonaws.com\"],\"token.actions.githubusercontent.com:sub\":[\"repo:anuragbhatt1805@72703824/AWS-EKS-Infra@1377095973:ref:refs/heads/main\",\"repo:anuragbhatt1805@72703824/AWS-EKS-Infra@1377095973:pull_request\"]}},\"Effect\":\"Allow\",\"Principal\":{\"Federated\":\"arn:aws:iam::490004630616:oidc-provider/token.actions.githubusercontent.com\"}},\"Version\":\"2012-10-17\"}",
            "create_date": "2026-09-19T12:52:18Z",
            "description": "",
            "force_detach_policies": false,
            "id": "aws_eks_infra_github_infra_role",
            "inline_policy": [
              {
                "name": "aws_eks_infra_github_infra_role_policy",
                "policy": "{\"Version\":\"2012-10-17\",\"Statement\":[{\"Action\":\"*\",\"Effect\":\"Allow\",\"Resource\":\"*\",\"Sid\":\"AllowAllAWSActions\"},{\"Action\":[\"secretsmanager:CreateSecret\",\"secretsmanager:PutSecretValue\",\"secretsmanager:UpdateSecret\",\"secretsmanager:UpdateSecretVersionStage\",\"secretsmanager:DeleteSecret\",\"secretsmanager:RestoreSecret\",\"secretsmanager:RotateSecret\",\"secretsmanager:CancelRotateSecret\",\"secretsmanager:PutResourcePolicy\",\"secretsmanager:DeleteResourcePolicy\",\"secretsmanager:ReplicateSecretToRegions\",\"secretsmanager:RemoveRegionsFromReplication\",\"secretsmanager:TagResource\",\"secretsmanager:UntagResource\"],\"Effect\":\"Deny\",\"Resource\":\"*\",\"Sid\":\"DenySecretsManagerWrite\"}]}"
              }
            ],
            "managed_policy_arns": [],
            "max_session_duration": 3600,
            "name": "aws_eks_infra_github_infra_role",
            "name_prefix": "",
            "path": "/",
            "permissions_boundary": "",
            "tags": {},
            "tags_all": {
              "ManagedVia": "Mannual",
              "Owner": "Anurag Bhatt",
              "Project": "AWS-EKS"
            },
            "unique_id": "AROAXEFUNJRMMJAFE4SMH"
          },
          "sensitive_attributes": [],
          "private": "bnVsbA==",
          "dependencies": [
            "aws_iam_openid_connect_provider.github"
          ],
          "identity": {
            "account_id": "490004630616",
            "name": "aws_eks_infra_github_infra_role"
          },
          "identity_schema_version": 0
        }
      ]
    },
    {
      "mode": "managed",
      "type": "aws_iam_role_policy",
      "name": "github_infra_policy",
      "provider": "provider[\"registry.opentofu.org/hashicorp/aws\"]",
      "instances": [
        {
          "schema_version": 0,
          "attributes": {
            "id": "aws_eks_infra_github_infra_role:aws_eks_infra_github_infra_role_policy",
            "name": "aws_eks_infra_github_infra_role_policy",
            "name_prefix": "",
            "policy": "{\"Version\":\"2012-10-17\",\"Statement\":[{\"Action\":\"*\",\"Effect\":\"Allow\",\"Resource\":\"*\",\"Sid\":\"AllowAllAWSActions\"},{\"Action\":[\"secretsmanager:CreateSecret\",\"secretsmanager:PutSecretValue\",\"secretsmanager:UpdateSecret\",\"secretsmanager:UpdateSecretVersionStage\",\"secretsmanager:DeleteSecret\",\"secretsmanager:RestoreSecret\",\"secretsmanager:RotateSecret\",\"secretsmanager:CancelRotateSecret\",\"secretsmanager:PutResourcePolicy\",\"secretsmanager:DeleteResourcePolicy\",\"secretsmanager:ReplicateSecretToRegions\",\"secretsmanager:RemoveRegionsFromReplication\",\"secretsmanager:TagResource\",\"secretsmanager:UntagResource\"],\"Effect\":\"Deny\",\"Resource\":\"*\",\"Sid\":\"DenySecretsManagerWrite\"}]}",
            "role": "aws_eks_infra_github_infra_role"
          },
          "sensitive_attributes": [],
          "private": "bnVsbA==",
          "dependencies": [
            "aws_iam_openid_connect_provider.github",
            "aws_iam_role.github_infra_role"
          ],
          "identity": {
            "account_id": "490004630616",
            "name": "aws_eks_infra_github_infra_role_policy",
            "role": "aws_eks_infra_github_infra_role"
          },
          "identity_schema_version": 0
        }
      ]
    },
    {
      "mode": "managed",
      "type": "aws_s3_bucket",
      "name": "remote_state",
      "provider": "provider[\"registry.opentofu.org/hashicorp/aws\"]",
      "instances": [
        {
          "schema_version": 0,
          "attributes": {
            "acceleration_status": "",
            "acl": null,
            "arn": "arn:aws:s3:::github-aws-eks-tofu-state",
            "bucket": "github-aws-eks-tofu-state",
            "bucket_domain_name": "github-aws-eks-tofu-state.s3.amazonaws.com",
            "bucket_namespace": "global",
            "bucket_prefix": "",
            "bucket_region": "ap-south-1",
            "bucket_regional_domain_name": "github-aws-eks-tofu-state.s3.ap-south-1.amazonaws.com",
            "cors_rule": [],
            "force_destroy": false,
            "grant": [
              {
                "id": "742ecb172f41bd9395561bb2b117c8d2746e17bb93286f2e77c756907256f44e",
                "permissions": [
                  "FULL_CONTROL"
                ],
                "type": "CanonicalUser",
                "uri": ""
              }
            ],
            "hosted_zone_id": "Z11RGJOFQNVJUP",
            "id": "github-aws-eks-tofu-state",
            "lifecycle_rule": [],
            "logging": [],
            "object_lock_configuration": [],
            "object_lock_enabled": false,
            "policy": "{\"Statement\":[{\"Action\":[\"s3:GetObject\",\"s3:GetObjectVersion\",\"s3:PutObject\",\"s3:DeleteObject\"],\"Effect\":\"Allow\",\"Principal\":{\"AWS\":\"arn:aws:iam::490004630616:role/aws_eks_infra_github_infra_role\"},\"Resource\":\"arn:aws:s3:::github-aws-eks-tofu-state/*\",\"Sid\":\"AllowGitHubInfraRole\"},{\"Action\":[\"s3:GetBucketVersioning\",\"s3:ListBucket\"],\"Effect\":\"Allow\",\"Principal\":{\"AWS\":\"arn:aws:iam::490004630616:role/aws_eks_infra_github_infra_role\"},\"Resource\":\"arn:aws:s3:::github-aws-eks-tofu-state\",\"Sid\":\"AllowGitHubInfraRoleBucket\"}],\"Version\":\"2012-10-17\"}",
            "region": "ap-south-1",
            "replication_configuration": [],
            "request_payer": "BucketOwner",
            "server_side_encryption_configuration": [
              {
                "rule": [
                  {
                    "apply_server_side_encryption_by_default": [
                      {
                        "kms_master_key_id": "",
                        "sse_algorithm": "AES256"
                      }
                    ],
                    "bucket_key_enabled": false
                  }
                ]
              }
            ],
            "tags": {},
            "tags_all": {
              "ManagedVia": "Mannual",
              "Owner": "Anurag Bhatt",
              "Project": "AWS-EKS"
            },
            "timeouts": null,
            "versioning": [
              {
                "enabled": true,
                "mfa_delete": false
              }
            ],
            "website": [],
            "website_domain": null,
            "website_endpoint": null
          },
          "sensitive_attributes": [],
          "private": "eyJlMmJmYjczMC1lY2FhLTExZTYtOGY4OC0zNDM2M2JjN2M0YzAiOnsiY3JlYXRlIjoxMjAwMDAwMDAwMDAwLCJkZWxldGUiOjM2MDAwMDAwMDAwMDAsInJlYWQiOjEyMDAwMDAwMDAwMDAsInVwZGF0ZSI6MTIwMDAwMDAwMDAwMH19",
          "identity": {
            "account_id": "490004630616",
            "bucket": "github-aws-eks-tofu-state",
            "region": "ap-south-1"
          },
          "identity_schema_version": 0
        }
      ]
    },
    {
      "mode": "managed",
      "type": "aws_s3_bucket_ownership_controls",
      "name": "remote_state",
      "provider": "provider[\"registry.opentofu.org/hashicorp/aws\"]",
      "instances": [
        {
          "schema_version": 0,
          "attributes": {
            "bucket": "github-aws-eks-tofu-state",
            "id": "github-aws-eks-tofu-state",
            "region": "ap-south-1",
            "rule": [
              {
                "object_ownership": "BucketOwnerEnforced"
              }
            ]
          },
          "sensitive_attributes": [],
          "private": "bnVsbA==",
          "dependencies": [
            "aws_s3_bucket.remote_state"
          ],
          "identity": {
            "account_id": "490004630616",
            "bucket": "github-aws-eks-tofu-state",
            "region": "ap-south-1"
          },
          "identity_schema_version": 0
        }
      ]
    },
    {
      "mode": "managed",
      "type": "aws_s3_bucket_policy",
      "name": "remote_state",
      "provider": "provider[\"registry.opentofu.org/hashicorp/aws\"]",
      "instances": [
        {
          "schema_version": 0,
          "attributes": {
            "bucket": "github-aws-eks-tofu-state",
            "id": "github-aws-eks-tofu-state",
            "policy": "{\"Statement\":[{\"Action\":[\"s3:GetObject\",\"s3:GetObjectVersion\",\"s3:PutObject\",\"s3:DeleteObject\"],\"Effect\":\"Allow\",\"Principal\":{\"AWS\":\"arn:aws:iam::490004630616:role/aws_eks_infra_github_infra_role\"},\"Resource\":\"arn:aws:s3:::github-aws-eks-tofu-state/*\",\"Sid\":\"AllowGitHubInfraRole\"},{\"Action\":[\"s3:GetBucketVersioning\",\"s3:ListBucket\"],\"Effect\":\"Allow\",\"Principal\":{\"AWS\":\"arn:aws:iam::490004630616:role/aws_eks_infra_github_infra_role\"},\"Resource\":\"arn:aws:s3:::github-aws-eks-tofu-state\",\"Sid\":\"AllowGitHubInfraRoleBucket\"}],\"Version\":\"2012-10-17\"}",
            "region": "ap-south-1"
          },
          "sensitive_attributes": [],
          "private": "bnVsbA==",
          "dependencies": [
            "aws_iam_openid_connect_provider.github",
            "aws_iam_role.github_infra_role",
            "aws_s3_bucket.remote_state"
          ],
          "identity": {
            "account_id": "490004630616",
            "bucket": "github-aws-eks-tofu-state",
            "region": "ap-south-1"
          },
          "identity_schema_version": 0
        }
      ]
    },
    {
      "mode": "managed",
      "type": "aws_s3_bucket_public_access_block",
      "name": "remote_state",
      "provider": "provider[\"registry.opentofu.org/hashicorp/aws\"]",
      "instances": [
        {
          "schema_version": 0,
          "attributes": {
            "block_public_acls": true,
            "block_public_policy": true,
            "bucket": "github-aws-eks-tofu-state",
            "id": "github-aws-eks-tofu-state",
            "ignore_public_acls": true,
            "region": "ap-south-1",
            "restrict_public_buckets": true,
            "skip_destroy": null
          },
          "sensitive_attributes": [],
          "private": "bnVsbA==",
          "dependencies": [
            "aws_s3_bucket.remote_state"
          ],
          "identity": {
            "account_id": "490004630616",
            "bucket": "github-aws-eks-tofu-state",
            "region": "ap-south-1"
          },
          "identity_schema_version": 0
        }
      ]
    },
    {
      "mode": "managed",
      "type": "aws_s3_bucket_server_side_encryption_configuration",
      "name": "remote_state",
      "provider": "provider[\"registry.opentofu.org/hashicorp/aws\"]",
      "instances": [
        {
          "schema_version": 0,
          "attributes": {
            "bucket": "github-aws-eks-tofu-state",
            "expected_bucket_owner": "",
            "id": "github-aws-eks-tofu-state",
            "region": "ap-south-1",
            "rule": [
              {
                "apply_server_side_encryption_by_default": [
                  {
                    "kms_master_key_id": "",
                    "sse_algorithm": "AES256"
                  }
                ],
                "blocked_encryption_types": [
                  "SSE-C"
                ],
                "bucket_key_enabled": false
              }
            ]
          },
          "sensitive_attributes": [],
          "private": "bnVsbA==",
          "dependencies": [
            "aws_s3_bucket.remote_state"
          ],
          "identity": {
            "account_id": "490004630616",
            "bucket": "github-aws-eks-tofu-state",
            "region": "ap-south-1"
          },
          "identity_schema_version": 1
        }
      ]
    },
    {
      "mode": "managed",
      "type": "aws_s3_bucket_versioning",
      "name": "remote_state",
      "provider": "provider[\"registry.opentofu.org/hashicorp/aws\"]",
      "instances": [
        {
          "schema_version": 0,
          "attributes": {
            "bucket": "github-aws-eks-tofu-state",
            "expected_bucket_owner": "",
            "id": "github-aws-eks-tofu-state",
            "mfa": null,
            "region": "ap-south-1",
            "versioning_configuration": [
              {
                "mfa_delete": "Disabled",
                "status": "Enabled"
              }
            ]
          },
          "sensitive_attributes": [],
          "private": "bnVsbA==",
          "dependencies": [
            "aws_s3_bucket.remote_state"
          ],
          "identity": {
            "account_id": "490004630616",
            "bucket": "github-aws-eks-tofu-state",
            "region": "ap-south-1"
          },
          "identity_schema_version": 1
        }
      ]
    }
  ],
  "check_results": null
}

